// !$*UTF8*$!
{
	archiveVersion = 1;
	classes = {
	};
	objectVersion = 55;
	objects = {

/* Begin PBXBuildFile section */
		2B5391092A3D9D8E00B6950B /* AppDelegate.swift in Sources */ = {isa = PBXBuildFile; fileRef = 2B5391082A3D9D8E00B6950B /* AppDelegate.swift */; };
		2B53910B2A3D9D8E00B6950B /* SceneDelegate.swift in Sources */ = {isa = PBXBuildFile; fileRef = 2B53910A2A3D9D8E00B6950B /* SceneDelegate.swift */; };
		2B53910D2A3D9D8E00B6950B /* ViewController.swift in Sources */ = {isa = PBXBuildFile; fileRef = 2B53910C2A3D9D8E00B6950B /* ViewController.swift */; };
		2B5391102A3D9D8E00B6950B /* Main.storyboard in Resources */ = {isa = PBXBuildFile; fileRef = 2B53910E2A3D9D8E00B6950B /* Main.storyboard */; };
		2B5391132A3D9D8E00B6950B /* UrlSession_Alamo_MVVM_Updated.xcdatamodeld in Sources */ = {isa = PBXBuildFile; fileRef = 2B5391112A3D9D8E00B6950B /* UrlSession_Alamo_MVVM_Updated.xcdatamodeld */; };
		2B5391152A3D9D9400B6950B /* Assets.xcassets in Resources */ = {isa = PBXBuildFile; fileRef = 2B5391142A3D9D9400B6950B /* Assets.xcassets */; };
		2B5391182A3D9D9400B6950B /* LaunchScreen.storyboard in Resources */ = {isa = PBXBuildFile; fileRef = 2B5391162A3D9D9400B6950B /* LaunchScreen.storyboard */; };
		2B5391242A3DB6BA00B6950B /* APIManager.swift in Sources */ = {isa = PBXBuildFile; fileRef = 2B5391232A3DB6BA00B6950B /* APIManager.swift */; };
		2B5391262A3DBE0900B6950B /* UserModel.swift in Sources */ = {isa = PBXBuildFile; fileRef = 2B5391252A3DBE0900B6950B /* UserModel.swift */; };
		2B5391292A3F242A00B6950B /* Alamofire in Frameworks */ = {isa = PBXBuildFile; productRef = 2B5391282A3F242A00B6950B /* Alamofire */; };
		2B53912B2A3F2ECC00B6950B /* ViewModel.swift in Sources */ = {isa = PBXBuildFile; fileRef = 2B53912A2A3F2ECC00B6950B /* ViewModel.swift */; };
		2B53912F2A406D5400B6950B /* UserCell.swift in Sources */ = {isa = PBXBuildFile; fileRef = 2B53912D2A406D5400B6950B /* UserCell.swift */; };
		2B5391302A406D5400B6950B /* UserCell.xib in Resources */ = {isa = PBXBuildFile; fileRef = 2B53912E2A406D5400B6950B /* UserCell.xib */; };
/* End PBXBuildFile section */

/* Begin PBXFileReference section */
		2B5391052A3D9D8D00B6950B /* UrlSession+Alamo+MVVM+Updated.app */ = {isa = PBXFileReference; explicitFileType = wrapper.application; includeInIndex = 0; path = "UrlSession+Alamo+MVVM+Updated.app"; sourceTree = BUILT_PRODUCTS_DIR; };
		2B5391082A3D9D8E00B6950B /* AppDelegate.swift */ = {isa = PBXFileReference; lastKnownFileType = sourcecode.swift; path = AppDelegate.swift; sourceTree = "<group>"; };
		2B53910A2A3D9D8E00B6950B /* SceneDelegate.swift */ = {isa = PBXFileReference; lastKnownFileType = sourcecode.swift; path = SceneDelegate.swift; sourceTree = "<group>"; };
		2B53910C2A3D9D8E00B6950B /* ViewController.swift */ = {isa = PBXFileReference; lastKnownFileType = sourcecode.swift; path = ViewController.swift; sourceTree = "<group>"; };
		2B53910F2A3D9D8E00B6950B /* Base */ = {isa = PBXFileReference; lastKnownFileType = file.storyboard; name = Base; path = Base.lproj/Main.storyboard; sourceTree = "<group>"; };
		2B5391122A3D9D8E00B6950B /* UrlSession_Alamo_MVVM_Updated.xcdatamodel */ = {isa = PBXFileReference; lastKnownFileType = wrapper.xcdatamodel; path = UrlSession_Alamo_MVVM_Updated.xcdatamodel; sourceTree = "<group>"; };
		2B5391142A3D9D9400B6950B /* Assets.xcassets */ = {isa = PBXFileReference; lastKnownFileType = folder.assetcatalog; path = Assets.xcassets; sourceTree = "<group>"; };
		2B5391172A3D9D9400B6950B /* Base */ = {isa = PBXFileReference; lastKnownFileType = file.storyboard; name = Base; path = Base.lproj/LaunchScreen.storyboard; sourceTree = "<group>"; };
		2B5391192A3D9D9400B6950B /* Info.plist */ = {isa = PBXFileReference; lastKnownFileType = text.plist.xml; path = Info.plist; sourceTree = "<group>"; };
		2B5391232A3DB6BA00B6950B /* APIManager.swift */ = {isa = PBXFileReference; lastKnownFileType = sourcecode.swift; path = APIManager.swift; sourceTree = "<group>"; };
		2B5391252A3DBE0900B6950B /* UserModel.swift */ = {isa = PBXFileReference; lastKnownFileType = sourcecode.swift; path = UserModel.swift; sourceTree = "<group>"; };
		2B53912A2A3F2ECC00B6950B /* ViewModel.swift */ = {isa = PBXFileReference; lastKnownFileType = sourcecode.swift; path = ViewModel.swift; sourceTree = "<group>"; };
		2B53912D2A406D5400B6950B /* UserCell.swift */ = {isa = PBXFileReference; lastKnownFileType = sourcecode.swift; path = UserCell.swift; sourceTree = "<group>"; };
		2B53912E2A406D5400B6950B /* UserCell.xib */ = {isa = PBXFileReference; lastKnownFileType = file.xib; path = UserCell.xib; sourceTree = "<group>"; };
/* End PBXFileReference section */

/* Begin PBXFrameworksBuildPhase section */
		2B5391022A3D9D8D00B6950B /* Frameworks */ = {
			isa = PBXFrameworksBuildPhase;
			buildActionMask = 2147483647;
			files = (
				2B5391292A3F242A00B6950B /* Alamofire in Frameworks */,
			);
			runOnlyForDeploymentPostprocessing = 0;
		};
/* End PBXFrameworksBuildPhase section */

/* Begin PBXGroup section */
		2B5390FC2A3D9D8D00B6950B = {
			isa = PBXGroup;
			children = (
				2B5391072A3D9D8D00B6950B /* UrlSession+Alamo+MVVM+Updated */,
				2B5391062A3D9D8D00B6950B /* Products */,
			);
			sourceTree = "<group>";
		};
		2B5391062A3D9D8D00B6950B /* Products */ = {
			isa = PBXGroup;
			children = (
				2B5391052A3D9D8D00B6950B /* UrlSession+Alamo+MVVM+Updated.app */,
			);
			name = Products;
			sourceTree = "<group>";
		};
		2B5391072A3D9D8D00B6950B /* UrlSession+Alamo+MVVM+Updated */ = {
			isa = PBXGroup;
			children = (
				2B5391222A3DB66C00B6950B /* Manager */,
				2B5391212A3DB63D00B6950B /* Controller */,
				2B5391202A3DB63200B6950B /* ViewModel */,
				2B53911F2A3DB62200B6950B /* Model */,
				2B5391082A3D9D8E00B6950B /* AppDelegate.swift */,
				2B53910A2A3D9D8E00B6950B /* SceneDelegate.swift */,
				2B53912C2A406CDD00B6950B /* View */,
				2B5391142A3D9D9400B6950B /* Assets.xcassets */,
				2B5391162A3D9D9400B6950B /* LaunchScreen.storyboard */,
				2B5391192A3D9D9400B6950B /* Info.plist */,
				2B5391112A3D9D8E00B6950B /* UrlSession_Alamo_MVVM_Updated.xcdatamodeld */,
			);
			path = "UrlSession+Alamo+MVVM+Updated";
			sourceTree = "<group>";
		};
		2B53911F2A3DB62200B6950B /* Model */ = {
			isa = PBXGroup;
			children = (
				2B5391252A3DBE0900B6950B /* UserModel.swift */,
			);
			path = Model;
			sourceTree = "<group>";
		};
		2B5391202A3DB63200B6950B /* ViewModel */ = {
			isa = PBXGroup;
			children = (
				2B53912A2A3F2ECC00B6950B /* ViewModel.swift */,
			);
			path = ViewModel;
			sourceTree = "<group>";
		};
		2B5391212A3DB63D00B6950B /* Controller */ = {
			isa = PBXGroup;
			children = (
				2B53910C2A3D9D8E00B6950B /* ViewController.swift */,
			);
			path = Controller;
			sourceTree = "<group>";
		};
		2B5391222A3DB66C00B6950B /* Manager */ = {
			isa = PBXGroup;
			children = (
				2B5391232A3DB6BA00B6950B /* APIManager.swift */,
			);
			path = Manager;
			sourceTree = "<group>";
		};
		2B53912C2A406CDD00B6950B /* View */ = {
			isa = PBXGroup;
			children = (
				2B53910E2A3D9D8E00B6950B /* Main.storyboard */,
				2B53912D2A406D5400B6950B /* UserCell.swift */,
				2B53912E2A406D5400B6950B /* UserCell.xib */,
			);
			path = View;
			sourceTree = "<group>";
		};
/* End PBXGroup section */

/* Begin PBXNativeTarget section */
		2B5391042A3D9D8D00B6950B /* UrlSession+Alamo+MVVM+Updated */ = {
			isa = PBXNativeTarget;
			buildConfigurationList = 2B53911C2A3D9D9400B6950B /* Build configuration list for PBXNativeTarget "UrlSession+Alamo+MVVM+Updated" */;
			buildPhases = (
				2B5391012A3D9D8D00B6950B /* Sources */,
				2B5391022A3D9D8D00B6950B /* Frameworks */,
				2B5391032A3D9D8D00B6950B /* Resources */,
			);
			buildRules = (
			);
			dependencies = (
			);
			name = "UrlSession+Alamo+MVVM+Updated";
			packageProductDependencies = (
				2B5391282A3F242A00B6950B /* Alamofire */,
			);
			productName = "UrlSession+Alamo+MVVM+Updated";
			productReference = 2B5391052A3D9D8D00B6950B /* UrlSession+Alamo+MVVM+Updated.app */;
			productType = "com.apple.product-type.application";
		};
/* End PBXNativeTarget section */

/* Begin PBXProject section */
		2B5390FD2A3D9D8D00B6950B /* Project object */ = {
			isa = PBXProject;
			attributes = {
				BuildIndependentTargetsInParallel = 1;
				LastSwiftUpdateCheck = 1330;
				LastUpgradeCheck = 1330;
				TargetAttributes = {
					2B5391042A3D9D8D00B6950B = {
						CreatedOnToolsVersion = 13.3.1;
					};
				};
			};
			buildConfigurationList = 2B5391002A3D9D8D00B6950B /* Build configuration list for PBXProject "UrlSession+Alamo+MVVM+Updated" */;
			compatibilityVersion = "Xcode 13.0";
			developmentRegion = en;
			hasScannedForEncodings = 0;
			knownRegions = (
				en,
				Base,
			);
			mainGroup = 2B5390FC2A3D9D8D00B6950B;
			packageReferences = (
				2B5391272A3F242A00B6950B /* XCRemoteSwiftPackageReference "Alamofire" */,
			);
			productRefGroup = 2B5391062A3D9D8D00B6950B /* Products */;
			projectDirPath = "";
			projectRoot = "";
			targets = (
				2B5391042A3D9D8D00B6950B /* UrlSession+Alamo+MVVM+Updated */,
			);
		};
/* End PBXProject section */

/* Begin PBXResourcesBuildPhase section */
		2B5391032A3D9D8D00B6950B /* Resources */ = {
			isa = PBXResourcesBuildPhase;
			buildActionMask = 2147483647;
			files = (
				2B5391302A406D5400B6950B /* UserCell.xib in Resources */,
				2B5391182A3D9D9400B6950B /* LaunchScreen.storyboard in Resources */,
				2B5391152A3D9D9400B6950B /* Assets.xcassets in Resources */,
				2B5391102A3D9D8E00B6950B /* Main.storyboard in Resources */,
			);
			runOnlyForDeploymentPostprocessing = 0;
		};
/* End PBXResourcesBuildPhase section */

/* Begin PBXSourcesBuildPhase section */
		2B5391012A3D9D8D00B6950B /* Sources */ = {
			isa = PBXSourcesBuildPhase;
			buildActionMask = 2147483647;
			files = (
				2B53912F2A406D5400B6950B /* UserCell.swift in Sources */,
				2B53910D2A3D9D8E00B6950B /* ViewController.swift in Sources */,
				2B5391132A3D9D8E00B6950B /* UrlSession_Alamo_MVVM_Updated.xcdatamodeld in Sources */,
				2B5391242A3DB6BA00B6950B /* APIManager.swift in Sources */,
				2B5391092A3D9D8E00B6950B /* AppDelegate.swift in Sources */,
				2B5391262A3DBE0900B6950B /* UserModel.swift in Sources */,
				2B53910B2A3D9D8E00B6950B /* SceneDelegate.swift in Sources */,
				2B53912B2A3F2ECC00B6950B /* ViewModel.swift in Sources */,
			);
			runOnlyForDeploymentPostprocessing = 0;
		};
/* End PBXSourcesBuildPhase section */

/* Begin PBXVariantGroup section */
		2B53910E2A3D9D8E00B6950B /* Main.storyboard */ = {
			isa = PBXVariantGroup;
			children = (
				2B53910F2A3D9D8E00B6950B /* Base */,
			);
			name = Main.storyboard;
			sourceTree = "<group>";
		};
		2B5391162A3D9D9400B6950B /* LaunchScreen.storyboard */ = {
			isa = PBXVariantGroup;
			children = (
				2B5391172A3D9D9400B6950B /* Base */,
			);
			name = LaunchScreen.storyboard;
			sourceTree = "<group>";
		};
/* End PBXVariantGroup section */

/* Begin XCBuildConfiguration section */
		2B53911A2A3D9D9400B6950B /* Debug */ = {
			isa = XCBuildConfiguration;
			buildSettings = {
				ALWAYS_SEARCH_USER_PATHS = NO;
				CLANG_ANALYZER_NONNULL = YES;
				CLANG_ANALYZER_NUMBER_OBJECT_CONVERSION = YES_AGGRESSIVE;
				CLANG_CXX_LANGUAGE_STANDARD = "gnu++17";
				CLANG_ENABLE_MODULES = YES;
				CLANG_ENABLE_OBJC_ARC = YES;
				CLANG_ENABLE_OBJC_WEAK = YES;
				CLANG_WARN_BLOCK_CAPTURE_AUTORELEASING = YES;
				CLANG_WARN_BOOL_CONVERSION = YES;
				CLANG_WARN_COMMA = YES;
				CLANG_WARN_CONSTANT_CONVERSION = YES;
				CLANG_WARN_DEPRECATED_OBJC_IMPLEMENTATIONS = YES;
				CLANG_WARN_DIRECT_OBJC_ISA_USAGE = YES_ERROR;
				CLANG_WARN_DOCUMENTATION_COMMENTS = YES;
				CLANG_WARN_EMPTY_BODY = YES;
				CLANG_WARN_ENUM_CONVERSION = YES;
				CLANG_WARN_INFINITE_RECURSION = YES;
				CLANG_WARN_INT_CONVERSION = YES;
				CLANG_WARN_NON_LITERAL_NULL_CONVERSION = YES;
				CLANG_WARN_OBJC_IMPLICIT_RETAIN_SELF = YES;
				CLANG_WARN_OBJC_LITERAL_CONVERSION = YES;
				CLANG_WARN_OBJC_ROOT_CLASS = YES_ERROR;
				CLANG_WARN_QUOTED_INCLUDE_IN_FRAMEWORK_HEADER = YES;
				CLANG_WARN_RANGE_LOOP_ANALYSIS = YES;
				CLANG_WARN_STRICT_PROTOTYPES = YES;
				CLANG_WARN_SUSPICIOUS_MOVE = YES;
				CLANG_WARN_UNGUARDED_AVAILABILITY = YES_AGGRESSIVE;
				CLANG_WARN_UNREACHABLE_CODE = YES;
				CLANG_WARN__DUPLICATE_METHOD_MATCH = YES;
				COPY_PHASE_STRIP = NO;
				DEBUG_INFORMATION_FORMAT = dwarf;
				ENABLE_STRICT_OBJC_MSGSEND = YES;
				ENABLE_TESTABILITY = YES;
				GCC_C_LANGUAGE_STANDARD = gnu11;
				GCC_DYNAMIC_NO_PIC = NO;
				GCC_NO_COMMON_BLOCKS = YES;
				GCC_OPTIMIZATION_LEVEL = 0;
				GCC_PREPROCESSOR_DEFINITIONS = (
					"DEBUG=1",
					"$(inherited)",
				);
				GCC_WARN_64_TO_32_BIT_CONVERSION = YES;
				GCC_WARN_ABOUT_RETURN_TYPE = YES_ERROR;
				GCC_WARN_UNDECLARED_SELECTOR = YES;
				GCC_WARN_UNINITIALIZED_AUTOS = YES_AGGRESSIVE;
				GCC_WARN_UNUSED_FUNCTION = YES;
				GCC_WARN_UNUSED_VARIABLE = YES;
				IPHONEOS_DEPLOYMENT_TARGET = 15.4;
				MTL_ENABLE_DEBUG_INFO = INCLUDE_SOURCE;
				MTL_FAST_MATH = YES;
				ONLY_ACTIVE_ARCH = YES;
				SDKROOT = iphoneos;
				SWIFT_ACTIVE_COMPILATION_CONDITIONS = DEBUG;
				SWIFT_OPTIMIZATION_LEVEL = "-Onone";
			};
			name = Debug;
		};
		2B53911B2A3D9D9400B6950B /* Release */ = {
			isa = XCBuildConfiguration;
			buildSettings = {
				ALWAYS_SEARCH_USER_PATHS = NO;
				CLANG_ANALYZER_NONNULL = YES;
				CLANG_ANALYZER_NUMBER_OBJECT_CONVERSION = YES_AGGRESSIVE;
				CLANG_CXX_LANGUAGE_STANDARD = "gnu++17";
				CLANG_ENABLE_MODULES = YES;
				CLANG_ENABLE_OBJC_ARC = YES;
				CLANG_ENABLE_OBJC_WEAK = YES;
				CLANG_WARN_BLOCK_CAPTURE_AUTORELEASING = YES;
				CLANG_WARN_BOOL_CONVERSION = YES;
				CLANG_WARN_COMMA = YES;
				CLANG_WARN_CONSTANT_CONVERSION = YES;
				CLANG_WARN_DEPRECATED_OBJC_IMPLEMENTATIONS = YES;
				CLANG_WARN_DIRECT_OBJC_ISA_USAGE = YES_ERROR;
				CLANG_WARN_DOCUMENTATION_COMMENTS = YES;
				CLANG_WARN_EMPTY_BODY = YES;
				CLANG_WARN_ENUM_CONVERSION = YES;
				CLANG_WARN_INFINITE_RECURSION = YES;
				CLANG_WARN_INT_CONVERSION = YES;
				CLANG_WARN_NON_LITERAL_NULL_CONVERSION = YES;
				CLANG_WARN_OBJC_IMPLICIT_RETAIN_SELF = YES;
				CLANG_WARN_OBJC_LITERAL_CONVERSION = YES;
				CLANG_WARN_OBJC_ROOT_CLASS = YES_ERROR;
				CLANG_WARN_QUOTED_INCLUDE_IN_FRAMEWORK_HEADER = YES;
				CLANG_WARN_RANGE_LOOP_ANALYSIS = YES;
				CLANG_WARN_STRICT_PROTOTYPES = YES;
				CLANG_WARN_SUSPICIOUS_MOVE = YES;
				CLANG_WARN_UNGUARDED_AVAILABILITY = YES_AGGRESSIVE;
				CLANG_WARN_UNREACHABLE_CODE = YES;
				CLANG_WARN__DUPLICATE_METHOD_MATCH = YES;
				COPY_PHASE_STRIP = NO;
				DEBUG_INFORMATION_FORMAT = "dwarf-with-dsym";
				ENABLE_NS_ASSERTIONS = NO;
				ENABLE_STRICT_OBJC_MSGSEND = YES;
				GCC_C_LANGUAGE_STANDARD = gnu11;
				GCC_NO_COMMON_BLOCKS = YES;
				GCC_WARN_64_TO_32_BIT_CONVERSION = YES;
				GCC_WARN_ABOUT_RETURN_TYPE = YES_ERROR;
				GCC_WARN_UNDECLARED_SELECTOR = YES;
				GCC_WARN_UNINITIALIZED_AUTOS = YES_AGGRESSIVE;
				GCC_WARN_UNUSED_FUNCTION = YES;
				GCC_WARN_UNUSED_VARIABLE = YES;
				IPHONEOS_DEPLOYMENT_TARGET = 15.4;
				MTL_ENABLE_DEBUG_INFO = NO;
				MTL_FAST_MATH = YES;
				SDKROOT = iphoneos;
				SWIFT_COMPILATION_MODE = wholemodule;
				SWIFT_OPTIMIZATION_LEVEL = "-O";
				VALIDATE_PRODUCT = YES;
			};
			name = Release;
		};
		2B53911D2A3D9D9400B6950B /* Debug */ = {
			isa = XCBuildConfiguration;
			buildSettings = {
				ASSETCATALOG_COMPILER_APPICON_NAME = AppIcon;
				ASSETCATALOG_COMPILER_GLOBAL_ACCENT_COLOR_NAME = AccentColor;
				CODE_SIGN_STYLE = Automatic;
				CURRENT_PROJECT_VERSION = 1;
				GENERATE_INFOPLIST_FILE = YES;
				INFOPLIST_FILE = "UrlSession+Alamo+MVVM+Updated/Info.plist";
				INFOPLIST_KEY_UIApplicationSupportsIndirectInputEvents = YES;
				INFOPLIST_KEY_UILaunchStoryboardName = LaunchScreen;
				INFOPLIST_KEY_UIMainStoryboardFile = Main;
				INFOPLIST_KEY_UISupportedInterfaceOrientations_iPad = "UIInterfaceOrientationPortrait UIInterfaceOrientationPortraitUpsideDown UIInterfaceOrientationLandscapeLeft UIInterfaceOrientationLandscapeRight";
				INFOPLIST_KEY_UISupportedInterfaceOrientations_iPhone = "UIInterfaceOrientationPortrait UIInterfaceOrientationLandscapeLeft UIInterfaceOrientationLandscapeRight";
				LD_RUNPATH_SEARCH_PATHS = (
					"$(inherited)",
					"@executable_path/Frameworks",
				);
				MARKETING_VERSION = 1.0;
				PRODUCT_BUNDLE_IDENTIFIER = "com.faizan.UrlSession-Alamo-MVVM-Updated";
				PRODUCT_NAME = "$(TARGET_NAME)";
				SWIFT_EMIT_LOC_STRINGS = YES;
				SWIFT_VERSION = 5.0;
				TARGETED_DEVICE_FAMILY = "1,2";
			};
			name = Debug;
		};
		2B53911E2A3D9D9400B6950B /* Release */ = {
			isa = XCBuildConfiguration;
			buildSettings = {
				ASSETCATALOG_COMPILER_APPICON_NAME = AppIcon;
				ASSETCATALOG_COMPILER_GLOBAL_ACCENT_COLOR_NAME = AccentColor;
				CODE_SIGN_STYLE = Automatic;
				CURRENT_PROJECT_VERSION = 1;
				GENERATE_INFOPLIST_FILE = YES;
				INFOPLIST_FILE = "UrlSession+Alamo+MVVM+Updated/Info.plist";
				INFOPLIST_KEY_UIApplicationSupportsIndirectInputEvents = YES;
				INFOPLIST_KEY_UILaunchStoryboardName = LaunchScreen;
				INFOPLIST_KEY_UIMainStoryboardFile = Main;
				INFOPLIST_KEY_UISupportedInterfaceOrientations_iPad = "UIInterfaceOrientationPortrait UIInterfaceOrientationPortraitUpsideDown UIInterfaceOrientationLandscapeLeft UIInterfaceOrientationLandscapeRight";
				INFOPLIST_KEY_UISupportedInterfaceOrientations_iPhone = "UIInterfaceOrientationPortrait UIInterfaceOrientationLandscapeLeft UIInterfaceOrientationLandscapeRight";
				LD_RUNPATH_SEARCH_PATHS = (
					"$(inherited)",
					"@executable_path/Frameworks",
				);
				MARKETING_VERSION = 1.0;
				PRODUCT_BUNDLE_IDENTIFIER = "com.faizan.UrlSession-Alamo-MVVM-Updated";
				PRODUCT_NAME = "$(TARGET_NAME)";
				SWIFT_EMIT_LOC_STRINGS = YES;
				SWIFT_VERSION = 5.0;
				TARGETED_DEVICE_FAMILY = "1,2";
			};
			name = Release;
		};
/* End XCBuildConfiguration section */

/* Begin XCConfigurationList section */
		2B5391002A3D9D8D00B6950B /* Build configuration list for PBXProject "UrlSession+Alamo+MVVM+Updated" */ = {
			isa = XCConfigurationList;
			buildConfigurations = (
				2B53911A2A3D9D9400B6950B /* Debug */,
				2B53911B2A3D9D9400B6950B /* Release */,
			);
			defaultConfigurationIsVisible = 0;
			defaultConfigurationName = Release;
		};
		2B53911C2A3D9D9400B6950B /* Build configuration list for PBXNativeTarget "UrlSession+Alamo+MVVM+Updated" */ = {
			isa = XCConfigurationList;
			buildConfigurations = (
				2B53911D2A3D9D9400B6950B /* Debug */,
				2B53911E2A3D9D9400B6950B /* Release */,
			);
			defaultConfigurationIsVisible = 0;
			defaultConfigurationName = Release;
		};
/* End XCConfigurationList section */

/* Begin XCRemoteSwiftPackageReference section */
		2B5391272A3F242A00B6950B /* XCRemoteSwiftPackageReference "Alamofire" */ = {
			isa = XCRemoteSwiftPackageReference;
			repositoryURL = "https://github.com/Alamofire/Alamofire.git";
			requirement = {
				branch = master;
				kind = branch;
			};
		};
/* End XCRemoteSwiftPackageReference section */

/* Begin XCSwiftPackageProductDependency section */
		2B5391282A3F242A00B6950B /* Alamofire */ = {
			isa = XCSwiftPackageProductDependency;
			package = 2B5391272A3F242A00B6950B /* XCRemoteSwiftPackageReference "Alamofire" */;
			productName = Alamofire;
		};
/* End XCSwiftPackageProductDependency section */

/* Begin XCVersionGroup section */
		2B5391112A3D9D8E00B6950B /* UrlSession_Alamo_MVVM_Updated.xcdatamodeld */ = {
			isa = XCVersionGroup;
			children = (
				2B5391122A3D9D8E00B6950B /* UrlSession_Alamo_MVVM_Updated.xcdatamodel */,
			);
			currentVersion = 2B5391122A3D9D8E00B6950B /* UrlSession_Alamo_MVVM_Updated.xcdatamodel */;
			path = UrlSession_Alamo_MVVM_Updated.xcdatamodeld;
			sourceTree = "<group>";
			versionGroupType = wrapper.xcdatamodel;
		};
/* End XCVersionGroup section */
	};
	rootObject = 2B5390FD2A3D9D8D00B6950B /* Project object */;
}
